// !$*UTF8*$!
{
	archiveVersion = 1;
	classes = {
	};
	objectVersion = 56;
	objects = {

/* Begin PBXBuildFile section */
		845ED7712B1615B9001F0A10 /* SignInUpView.swift in Sources */ = {isa = PBXBuildFile; fileRef = 845ED7702B1615B9001F0A10 /* SignInUpView.swift */; };
		845ED7752B1624BA001F0A10 /* BeaconDetector.swift in Sources */ = {isa = PBXBuildFile; fileRef = 845ED7742B1624BA001F0A10 /* BeaconDetector.swift */; };
		8468A1BA2B0F84610035CE4F /* Persistance.swift in Sources */ = {isa = PBXBuildFile; fileRef = 8468A1B92B0F84610035CE4F /* Persistance.swift */; };
		8468A1C02B0F87010035CE4F /* QRApp.xcdatamodeld in Sources */ = {isa = PBXBuildFile; fileRef = 8468A1BE2B0F87010035CE4F /* QRApp.xcdatamodeld */; };
		8468A1C22B0F8FAE0035CE4F /* HomeScreenController.swift in Sources */ = {isa = PBXBuildFile; fileRef = 8468A1C12B0F8FAE0035CE4F /* HomeScreenController.swift */; };
		849F69172B2A321B001D35B3 /* CustomButton.swift in Sources */ = {isa = PBXBuildFile; fileRef = 849F69162B2A321B001D35B3 /* CustomButton.swift */; };
		84A6FBDE2B1084C4003156FC /* Color.swift in Sources */ = {isa = PBXBuildFile; fileRef = 84A6FBDD2B1084C4003156FC /* Color.swift */; };
		84BA63C92B30A83D0008ECF6 /* Extensions.swift in Sources */ = {isa = PBXBuildFile; fileRef = 84BA63C82B30A83D0008ECF6 /* Extensions.swift */; };
		84BA63CB2B30A8500008ECF6 /* IbeaconViewModel.swift in Sources */ = {isa = PBXBuildFile; fileRef = 84BA63CA2B30A8500008ECF6 /* IbeaconViewModel.swift */; };
		84BA63CD2B30A8600008ECF6 /* CoreDataManager.swift in Sources */ = {isa = PBXBuildFile; fileRef = 84BA63CC2B30A8600008ECF6 /* CoreDataManager.swift */; };
		84C044352B28DA47000DD8B4 /* IBeaconModel.swift in Sources */ = {isa = PBXBuildFile; fileRef = 84C044342B28DA47000DD8B4 /* IBeaconModel.swift */; };
		84FA154C2B21EED9003B47B2 /* BeaconView.swift in Sources */ = {isa = PBXBuildFile; fileRef = 84FA154B2B21EED9003B47B2 /* BeaconView.swift */; };
		BC58B4902B0F5BF00073EFFF /* QRAppApp.swift in Sources */ = {isa = PBXBuildFile; fileRef = BC58B48F2B0F5BF00073EFFF /* QRAppApp.swift */; };
		BC58B4922B0F5BF00073EFFF /* HomeScreenView.swift in Sources */ = {isa = PBXBuildFile; fileRef = BC58B4912B0F5BF00073EFFF /* HomeScreenView.swift */; };
		BC58B4942B0F5BF50073EFFF /* Assets.xcassets in Resources */ = {isa = PBXBuildFile; fileRef = BC58B4932B0F5BF50073EFFF /* Assets.xcassets */; };
		BC58B4972B0F5BF50073EFFF /* Preview Assets.xcassets in Resources */ = {isa = PBXBuildFile; fileRef = BC58B4962B0F5BF50073EFFF /* Preview Assets.xcassets */; };
		BC58B4A02B0F608E0073EFFF /* CodeScanner in Frameworks */ = {isa = PBXBuildFile; productRef = BC58B49F2B0F608E0073EFFF /* CodeScanner */; };
/* End PBXBuildFile section */

/* Begin PBXFileReference section */
		845ED7702B1615B9001F0A10 /* SignInUpView.swift */ = {isa = PBXFileReference; lastKnownFileType = sourcecode.swift; path = SignInUpView.swift; sourceTree = "<group>"; };
		845ED7742B1624BA001F0A10 /* BeaconDetector.swift */ = {isa = PBXFileReference; lastKnownFileType = sourcecode.swift; path = BeaconDetector.swift; sourceTree = "<group>"; };
		8468A1B92B0F84610035CE4F /* Persistance.swift */ = {isa = PBXFileReference; lastKnownFileType = sourcecode.swift; path = Persistance.swift; sourceTree = "<group>"; };
		8468A1BF2B0F87010035CE4F /* QRApp.xcdatamodel */ = {isa = PBXFileReference; lastKnownFileType = wrapper.xcdatamodel; path = QRApp.xcdatamodel; sourceTree = "<group>"; };
		8468A1C12B0F8FAE0035CE4F /* HomeScreenController.swift */ = {isa = PBXFileReference; lastKnownFileType = sourcecode.swift; path = HomeScreenController.swift; sourceTree = "<group>"; };
		849F69162B2A321B001D35B3 /* CustomButton.swift */ = {isa = PBXFileReference; lastKnownFileType = sourcecode.swift; path = CustomButton.swift; sourceTree = "<group>"; };
		84A6FBDD2B1084C4003156FC /* Color.swift */ = {isa = PBXFileReference; lastKnownFileType = sourcecode.swift; path = Color.swift; sourceTree = "<group>"; };
		84BA63C82B30A83D0008ECF6 /* Extensions.swift */ = {isa = PBXFileReference; lastKnownFileType = sourcecode.swift; name = Extensions.swift; path = ../../../../../../../../Documents/Extensions.swift; sourceTree = "<group>"; };
		84BA63CA2B30A8500008ECF6 /* IbeaconViewModel.swift */ = {isa = PBXFileReference; lastKnownFileType = sourcecode.swift; path = IbeaconViewModel.swift; sourceTree = "<group>"; };
		84BA63CC2B30A8600008ECF6 /* CoreDataManager.swift */ = {isa = PBXFileReference; lastKnownFileType = sourcecode.swift; path = CoreDataManager.swift; sourceTree = "<group>"; };
		84C044342B28DA47000DD8B4 /* IBeaconModel.swift */ = {isa = PBXFileReference; lastKnownFileType = sourcecode.swift; path = IBeaconModel.swift; sourceTree = "<group>"; };
		84FA154B2B21EED9003B47B2 /* BeaconView.swift */ = {isa = PBXFileReference; lastKnownFileType = sourcecode.swift; path = BeaconView.swift; sourceTree = "<group>"; };
		BC58B48C2B0F5BF00073EFFF /* QRApp.app */ = {isa = PBXFileReference; explicitFileType = wrapper.application; includeInIndex = 0; path = QRApp.app; sourceTree = BUILT_PRODUCTS_DIR; };
		BC58B48F2B0F5BF00073EFFF /* QRAppApp.swift */ = {isa = PBXFileReference; lastKnownFileType = sourcecode.swift; path = QRAppApp.swift; sourceTree = "<group>"; };
		BC58B4912B0F5BF00073EFFF /* HomeScreenView.swift */ = {isa = PBXFileReference; lastKnownFileType = sourcecode.swift; path = HomeScreenView.swift; sourceTree = "<group>"; };
		BC58B4932B0F5BF50073EFFF /* Assets.xcassets */ = {isa = PBXFileReference; lastKnownFileType = folder.assetcatalog; path = Assets.xcassets; sourceTree = "<group>"; };
		BC58B4962B0F5BF50073EFFF /* Preview Assets.xcassets */ = {isa = PBXFileReference; lastKnownFileType = folder.assetcatalog; path = "Preview Assets.xcassets"; sourceTree = "<group>"; };
		BC58B49D2B0F5FB10073EFFF /* Info.plist */ = {isa = PBXFileReference; lastKnownFileType = text.plist; path = Info.plist; sourceTree = "<group>"; };
/* End PBXFileReference section */

/* Begin PBXFrameworksBuildPhase section */
		BC58B4892B0F5BF00073EFFF /* Frameworks */ = {
			isa = PBXFrameworksBuildPhase;
			buildActionMask = 2147483647;
			files = (
				BC58B4A02B0F608E0073EFFF /* CodeScanner in Frameworks */,
			);
			runOnlyForDeploymentPostprocessing = 0;
		};
/* End PBXFrameworksBuildPhase section */

/* Begin PBXGroup section */
		845ED7722B162492001F0A10 /* Ibeacon */ = {
			isa = PBXGroup;
			children = (
				84B716892B29E48E00D8F3E7 /* Model */,
				84FA154D2B21EF58003B47B2 /* View */,
				84FA154F2B21EF6E003B47B2 /* ViewModel */,
			);
			path = Ibeacon;
			sourceTree = "<group>";
		};
		845ED7732B16249D001F0A10 /* IbeaconDetect */ = {
			isa = PBXGroup;
			children = (
				845ED7742B1624BA001F0A10 /* BeaconDetector.swift */,
			);
			path = IbeaconDetect;
			sourceTree = "<group>";
		};
		849F69152B2A31FC001D35B3 /* Component */ = {
			isa = PBXGroup;
			children = (
				849F69162B2A321B001D35B3 /* CustomButton.swift */,
			);
			path = Component;
			sourceTree = "<group>";
		};
		84A6FBD72B108004003156FC /* HomeScreen */ = {
			isa = PBXGroup;
			children = (
				84A6FBE02B108625003156FC /* View */,
				84C2AEE52B0F7AA30034B48B /* ViewModel */,
			);
			path = HomeScreen;
			sourceTree = "<group>";
		};
		84A6FBDA2B10806F003156FC /* LogIn */ = {
			isa = PBXGroup;
			children = (
				845ED7702B1615B9001F0A10 /* SignInUpView.swift */,
			);
			path = LogIn;
			sourceTree = "<group>";
		};
		84A6FBDC2B10845B003156FC /* Extensions */ = {
			isa = PBXGroup;
			children = (
				84BA63C82B30A83D0008ECF6 /* Extensions.swift */,
			);
			path = Extensions;
			sourceTree = "<group>";
		};
		84A6FBDF2B1085C7003156FC /* Core */ = {
			isa = PBXGroup;
			children = (
				84B716862B29E25900D8F3E7 /* Utilities */,
				84C044322B28D937000DD8B4 /* Resources */,
				84C0442F2B28D907000DD8B4 /* Themes */,
				84A6FBDC2B10845B003156FC /* Extensions */,
			);
			path = Core;
			sourceTree = "<group>";
		};
		84A6FBE02B108625003156FC /* View */ = {
			isa = PBXGroup;
			children = (
				BC58B4912B0F5BF00073EFFF /* HomeScreenView.swift */,
			);
			path = View;
			sourceTree = "<group>";
		};
		84B716862B29E25900D8F3E7 /* Utilities */ = {
			isa = PBXGroup;
			children = (
				84B716882B29E29700D8F3E7 /* CoreLocation */,
				84B716872B29E27A00D8F3E7 /* CoreDataManager */,
			);
			path = Utilities;
			sourceTree = "<group>";
		};
		84B716872B29E27A00D8F3E7 /* CoreDataManager */ = {
			isa = PBXGroup;
			children = (
				84BA63CC2B30A8600008ECF6 /* CoreDataManager.swift */,
			);
			path = CoreDataManager;
			sourceTree = "<group>";
		};
		84B716882B29E29700D8F3E7 /* CoreLocation */ = {
			isa = PBXGroup;
			children = (
				845ED7732B16249D001F0A10 /* IbeaconDetect */,
			);
			path = CoreLocation;
			sourceTree = "<group>";
		};
		84B716892B29E48E00D8F3E7 /* Model */ = {
			isa = PBXGroup;
			children = (
				84C044342B28DA47000DD8B4 /* IBeaconModel.swift */,
			);
			path = Model;
			sourceTree = "<group>";
		};
		84C0442E2B28D8BB000DD8B4 /* Application */ = {
			isa = PBXGroup;
			children = (
				BC58B48F2B0F5BF00073EFFF /* QRAppApp.swift */,
				8468A1B92B0F84610035CE4F /* Persistance.swift */,
			);
			path = Application;
			sourceTree = "<group>";
		};
		84C0442F2B28D907000DD8B4 /* Themes */ = {
			isa = PBXGroup;
			children = (
				84A6FBDD2B1084C4003156FC /* Color.swift */,
			);
			path = Themes;
			sourceTree = "<group>";
		};
		84C044322B28D937000DD8B4 /* Resources */ = {
			isa = PBXGroup;
			children = (
				BC58B4932B0F5BF50073EFFF /* Assets.xcassets */,
			);
			path = Resources;
			sourceTree = "<group>";
		};
		84C044332B28DA2A000DD8B4 /* Feature */ = {
			isa = PBXGroup;
			children = (
				84A6FBDA2B10806F003156FC /* LogIn */,
				84A6FBD72B108004003156FC /* HomeScreen */,
				845ED7722B162492001F0A10 /* Ibeacon */,
				849F69152B2A31FC001D35B3 /* Component */,
			);
			path = Feature;
			sourceTree = "<group>";
		};
		84C2AEE52B0F7AA30034B48B /* ViewModel */ = {
			isa = PBXGroup;
			children = (
				8468A1C12B0F8FAE0035CE4F /* HomeScreenController.swift */,
			);
			path = ViewModel;
			sourceTree = "<group>";
		};
		84FA154D2B21EF58003B47B2 /* View */ = {
			isa = PBXGroup;
			children = (
				84FA154B2B21EED9003B47B2 /* BeaconView.swift */,
			);
			path = View;
			sourceTree = "<group>";
		};
		84FA154F2B21EF6E003B47B2 /* ViewModel */ = {
			isa = PBXGroup;
			children = (
				84BA63CA2B30A8500008ECF6 /* IbeaconViewModel.swift */,
			);
			path = ViewModel;
			sourceTree = "<group>";
		};
		BC58B4832B0F5BF00073EFFF = {
			isa = PBXGroup;
			children = (
				BC58B48E2B0F5BF00073EFFF /* QRApp */,
				BC58B48D2B0F5BF00073EFFF /* Products */,
			);
			sourceTree = "<group>";
		};
		BC58B48D2B0F5BF00073EFFF /* Products */ = {
			isa = PBXGroup;
			children = (
				BC58B48C2B0F5BF00073EFFF /* QRApp.app */,
			);
			name = Products;
			sourceTree = "<group>";
		};
		BC58B48E2B0F5BF00073EFFF /* QRApp */ = {
			isa = PBXGroup;
			children = (
				84C0442E2B28D8BB000DD8B4 /* Application */,
				84A6FBDF2B1085C7003156FC /* Core */,
				84C044332B28DA2A000DD8B4 /* Feature */,
				BC58B4952B0F5BF50073EFFF /* Preview Content */,
				BC58B49D2B0F5FB10073EFFF /* Info.plist */,
				8468A1BE2B0F87010035CE4F /* QRApp.xcdatamodeld */,
			);
			path = QRApp;
			sourceTree = "<group>";
		};
		BC58B4952B0F5BF50073EFFF /* Preview Content */ = {
			isa = PBXGroup;
			children = (
				BC58B4962B0F5BF50073EFFF /* Preview Assets.xcassets */,
			);
			path = "Preview Content";
			sourceTree = "<group>";
		};
/* End PBXGroup section */

/* Begin PBXNativeTarget section */
		BC58B48B2B0F5BF00073EFFF /* QRApp */ = {
			isa = PBXNativeTarget;
			buildConfigurationList = BC58B49A2B0F5BF50073EFFF /* Build configuration list for PBXNativeTarget "QRApp" */;
			buildPhases = (
				BC58B4882B0F5BF00073EFFF /* Sources */,
				BC58B4892B0F5BF00073EFFF /* Frameworks */,
				BC58B48A2B0F5BF00073EFFF /* Resources */,
			);
			buildRules = (
			);
			dependencies = (
			);
			name = QRApp;
			packageProductDependencies = (
				BC58B49F2B0F608E0073EFFF /* CodeScanner */,
			);
			productName = QRApp;
			productReference = BC58B48C2B0F5BF00073EFFF /* QRApp.app */;
			productType = "com.apple.product-type.application";
		};
/* End PBXNativeTarget section */

/* Begin PBXProject section */
		BC58B4842B0F5BF00073EFFF /* Project object */ = {
			isa = PBXProject;
			attributes = {
				BuildIndependentTargetsInParallel = 1;
				LastSwiftUpdateCheck = 1500;
				LastUpgradeCheck = 1500;
				TargetAttributes = {
					BC58B48B2B0F5BF00073EFFF = {
						CreatedOnToolsVersion = 15.0.1;
					};
				};
			};
			buildConfigurationList = BC58B4872B0F5BF00073EFFF /* Build configuration list for PBXProject "QRApp" */;
			compatibilityVersion = "Xcode 14.0";
			developmentRegion = en;
			hasScannedForEncodings = 0;
			knownRegions = (
				en,
				Base,
			);
			mainGroup = BC58B4832B0F5BF00073EFFF;
			packageReferences = (
				BC58B49E2B0F608E0073EFFF /* XCRemoteSwiftPackageReference "CodeScanner" */,
			);
			productRefGroup = BC58B48D2B0F5BF00073EFFF /* Products */;
			projectDirPath = "";
			projectRoot = "";
			targets = (
				BC58B48B2B0F5BF00073EFFF /* QRApp */,
			);
		};
/* End PBXProject section */

/* Begin PBXResourcesBuildPhase section */
		BC58B48A2B0F5BF00073EFFF /* Resources */ = {
			isa = PBXResourcesBuildPhase;
			buildActionMask = 2147483647;
			files = (
				BC58B4972B0F5BF50073EFFF /* Preview Assets.xcassets in Resources */,
				BC58B4942B0F5BF50073EFFF /* Assets.xcassets in Resources */,
			);
			runOnlyForDeploymentPostprocessing = 0;
		};
/* End PBXResourcesBuildPhase section */

/* Begin PBXSourcesBuildPhase section */
		BC58B4882B0F5BF00073EFFF /* Sources */ = {
			isa = PBXSourcesBuildPhase;
			buildActionMask = 2147483647;
			files = (
				8468A1C02B0F87010035CE4F /* QRApp.xcdatamodeld in Sources */,
				84FA154C2B21EED9003B47B2 /* BeaconView.swift in Sources */,
				84C044352B28DA47000DD8B4 /* IBeaconModel.swift in Sources */,
				84A6FBDE2B1084C4003156FC /* Color.swift in Sources */,
				8468A1BA2B0F84610035CE4F /* Persistance.swift in Sources */,
				8468A1C22B0F8FAE0035CE4F /* HomeScreenController.swift in Sources */,
				BC58B4922B0F5BF00073EFFF /* HomeScreenView.swift in Sources */,
				84BA63C92B30A83D0008ECF6 /* Extensions.swift in Sources */,
				849F69172B2A321B001D35B3 /* CustomButton.swift in Sources */,
				84BA63CB2B30A8500008ECF6 /* IbeaconViewModel.swift in Sources */,
				845ED7712B1615B9001F0A10 /* SignInUpView.swift in Sources */,
				BC58B4902B0F5BF00073EFFF /* QRAppApp.swift in Sources */,
				84BA63CD2B30A8600008ECF6 /* CoreDataManager.swift in Sources */,
				845ED7752B1624BA001F0A10 /* BeaconDetector.swift in Sources */,
			);
			runOnlyForDeploymentPostprocessing = 0;
		};
/* End PBXSourcesBuildPhase section */

/* Begin XCBuildConfiguration section */
		BC58B4982B0F5BF50073EFFF /* Debug */ = {
			isa = XCBuildConfiguration;
			buildSettings = {
				ALWAYS_SEARCH_USER_PATHS = NO;
				ASSETCATALOG_COMPILER_GENERATE_SWIFT_ASSET_SYMBOL_EXTENSIONS = YES;
				CLANG_ANALYZER_NONNULL = YES;
				CLANG_ANALYZER_NUMBER_OBJECT_CONVERSION = YES_AGGRESSIVE;
				CLANG_CXX_LANGUAGE_STANDARD = "gnu++20";
				CLANG_ENABLE_MODULES = YES;
				CLANG_ENABLE_OBJC_ARC = YES;
				CLANG_ENABLE_OBJC_WEAK = YES;
				CLANG_WARN_BLOCK_CAPTURE_AUTORELEASING = YES;
				CLANG_WARN_BOOL_CONVERSION = YES;
				CLANG_WARN_COMMA = YES;
				CLANG_WARN_CONSTANT_CONVERSION = YES;
				CLANG_WARN_DEPRECATED_OBJC_IMPLEMENTATIONS = YES;
				CLANG_WARN_DIRECT_OBJC_ISA_USAGE = YES_ERROR;
				CLANG_WARN_DOCUMENTATION_COMMENTS = YES;
				CLANG_WARN_EMPTY_BODY = YES;
				CLANG_WARN_ENUM_CONVERSION = YES;
				CLANG_WARN_INFINITE_RECURSION = YES;
				CLANG_WARN_INT_CONVERSION = YES;
				CLANG_WARN_NON_LITERAL_NULL_CONVERSION = YES;
				CLANG_WARN_OBJC_IMPLICIT_RETAIN_SELF = YES;
				CLANG_WARN_OBJC_LITERAL_CONVERSION = YES;
				CLANG_WARN_OBJC_ROOT_CLASS = YES_ERROR;
				CLANG_WARN_QUOTED_INCLUDE_IN_FRAMEWORK_HEADER = YES;
				CLANG_WARN_RANGE_LOOP_ANALYSIS = YES;
				CLANG_WARN_STRICT_PROTOTYPES = YES;
				CLANG_WARN_SUSPICIOUS_MOVE = YES;
				CLANG_WARN_UNGUARDED_AVAILABILITY = YES_AGGRESSIVE;
				CLANG_WARN_UNREACHABLE_CODE = YES;
				CLANG_WARN__DUPLICATE_METHOD_MATCH = YES;
				COPY_PHASE_STRIP = NO;
				DEBUG_INFORMATION_FORMAT = dwarf;
				ENABLE_STRICT_OBJC_MSGSEND = YES;
				ENABLE_TESTABILITY = YES;
				ENABLE_USER_SCRIPT_SANDBOXING = YES;
				GCC_C_LANGUAGE_STANDARD = gnu17;
				GCC_DYNAMIC_NO_PIC = NO;
				GCC_NO_COMMON_BLOCKS = YES;
				GCC_OPTIMIZATION_LEVEL = 0;
				GCC_PREPROCESSOR_DEFINITIONS = (
					"DEBUG=1",
					"$(inherited)",
				);
				GCC_WARN_64_TO_32_BIT_CONVERSION = YES;
				GCC_WARN_ABOUT_RETURN_TYPE = YES_ERROR;
				GCC_WARN_UNDECLARED_SELECTOR = YES;
				GCC_WARN_UNINITIALIZED_AUTOS = YES_AGGRESSIVE;
				GCC_WARN_UNUSED_FUNCTION = YES;
				GCC_WARN_UNUSED_VARIABLE = YES;
				IPHONEOS_DEPLOYMENT_TARGET = 15.6;
				LOCALIZATION_PREFERS_STRING_CATALOGS = YES;
				MTL_ENABLE_DEBUG_INFO = INCLUDE_SOURCE;
				MTL_FAST_MATH = YES;
				ONLY_ACTIVE_ARCH = YES;
				SDKROOT = iphoneos;
				SWIFT_ACTIVE_COMPILATION_CONDITIONS = "DEBUG $(inherited)";
				SWIFT_OPTIMIZATION_LEVEL = "-Onone";
			};
			name = Debug;
		};
		BC58B4992B0F5BF50073EFFF /* Release */ = {
			isa = XCBuildConfiguration;
			buildSettings = {
				ALWAYS_SEARCH_USER_PATHS = NO;
				ASSETCATALOG_COMPILER_GENERATE_SWIFT_ASSET_SYMBOL_EXTENSIONS = YES;
				CLANG_ANALYZER_NONNULL = YES;
				CLANG_ANALYZER_NUMBER_OBJECT_CONVERSION = YES_AGGRESSIVE;
				CLANG_CXX_LANGUAGE_STANDARD = "gnu++20";
				CLANG_ENABLE_MODULES = YES;
				CLANG_ENABLE_OBJC_ARC = YES;
				CLANG_ENABLE_OBJC_WEAK = YES;
				CLANG_WARN_BLOCK_CAPTURE_AUTORELEASING = YES;
				CLANG_WARN_BOOL_CONVERSION = YES;
				CLANG_WARN_COMMA = YES;
				CLANG_WARN_CONSTANT_CONVERSION = YES;
				CLANG_WARN_DEPRECATED_OBJC_IMPLEMENTATIONS = YES;
				CLANG_WARN_DIRECT_OBJC_ISA_USAGE = YES_ERROR;
				CLANG_WARN_DOCUMENTATION_COMMENTS = YES;
				CLANG_WARN_EMPTY_BODY = YES;
				CLANG_WARN_ENUM_CONVERSION = YES;
				CLANG_WARN_INFINITE_RECURSION = YES;
				CLANG_WARN_INT_CONVERSION = YES;
				CLANG_WARN_NON_LITERAL_NULL_CONVERSION = YES;
				CLANG_WARN_OBJC_IMPLICIT_RETAIN_SELF = YES;
				CLANG_WARN_OBJC_LITERAL_CONVERSION = YES;
				CLANG_WARN_OBJC_ROOT_CLASS = YES_ERROR;
				CLANG_WARN_QUOTED_INCLUDE_IN_FRAMEWORK_HEADER = YES;
				CLANG_WARN_RANGE_LOOP_ANALYSIS = YES;
				CLANG_WARN_STRICT_PROTOTYPES = YES;
				CLANG_WARN_SUSPICIOUS_MOVE = YES;
				CLANG_WARN_UNGUARDED_AVAILABILITY = YES_AGGRESSIVE;
				CLANG_WARN_UNREACHABLE_CODE = YES;
				CLANG_WARN__DUPLICATE_METHOD_MATCH = YES;
				COPY_PHASE_STRIP = NO;
				DEBUG_INFORMATION_FORMAT = "dwarf-with-dsym";
				ENABLE_NS_ASSERTIONS = NO;
				ENABLE_STRICT_OBJC_MSGSEND = YES;
				ENABLE_USER_SCRIPT_SANDBOXING = YES;
				GCC_C_LANGUAGE_STANDARD = gnu17;
				GCC_NO_COMMON_BLOCKS = YES;
				GCC_WARN_64_TO_32_BIT_CONVERSION = YES;
				GCC_WARN_ABOUT_RETURN_TYPE = YES_ERROR;
				GCC_WARN_UNDECLARED_SELECTOR = YES;
				GCC_WARN_UNINITIALIZED_AUTOS = YES_AGGRESSIVE;
				GCC_WARN_UNUSED_FUNCTION = YES;
				GCC_WARN_UNUSED_VARIABLE = YES;
				IPHONEOS_DEPLOYMENT_TARGET = 15.6;
				LOCALIZATION_PREFERS_STRING_CATALOGS = YES;
				MTL_ENABLE_DEBUG_INFO = NO;
				MTL_FAST_MATH = YES;
				SDKROOT = iphoneos;
				SWIFT_COMPILATION_MODE = wholemodule;
				VALIDATE_PRODUCT = YES;
			};
			name = Release;
		};
		BC58B49B2B0F5BF50073EFFF /* Debug */ = {
			isa = XCBuildConfiguration;
			buildSettings = {
				ASSETCATALOG_COMPILER_APPICON_NAME = AppIcon;
				ASSETCATALOG_COMPILER_GLOBAL_ACCENT_COLOR_NAME = AccentColor;
				CODE_SIGN_STYLE = Automatic;
				CURRENT_PROJECT_VERSION = 1;
				DEVELOPMENT_ASSET_PATHS = "\"QRApp/Preview Content\"";
				DEVELOPMENT_TEAM = M54CWY29DZ;
				ENABLE_PREVIEWS = YES;
				GENERATE_INFOPLIST_FILE = YES;
				INFOPLIST_FILE = QRApp/Info.plist;
				INFOPLIST_KEY_NSCameraUsageDescription = "Can use your camera";
				INFOPLIST_KEY_NSLocationAlwaysAndWhenInUseUsageDescription = "Need your location to outhan";
				INFOPLIST_KEY_NSLocationAlwaysUsageDescription = "We need your location.";
				INFOPLIST_KEY_NSLocationWhenInUseUsageDescription = "We need your location.";
				INFOPLIST_KEY_UIApplicationSceneManifest_Generation = YES;
				INFOPLIST_KEY_UIApplicationSupportsIndirectInputEvents = YES;
				INFOPLIST_KEY_UILaunchScreen_Generation = YES;
				INFOPLIST_KEY_UIStatusBarStyle = "";
				INFOPLIST_KEY_UISupportedInterfaceOrientations = UIInterfaceOrientationPortrait;
				INFOPLIST_KEY_UIUserInterfaceStyle = Light;
				IPHONEOS_DEPLOYMENT_TARGET = 15.6;
				LD_RUNPATH_SEARCH_PATHS = (
					"$(inherited)",
					"@executable_path/Frameworks",
				);
				MARKETING_VERSION = 1.0;
				PRODUCT_BUNDLE_IDENTIFIER = com.cangirhabil.QRApp;
				PRODUCT_NAME = "$(TARGET_NAME)";
				SUPPORTED_PLATFORMS = "iphoneos iphonesimulator";
				SUPPORTS_MACCATALYST = NO;
				SUPPORTS_MAC_DESIGNED_FOR_IPHONE_IPAD = NO;
				SWIFT_EMIT_LOC_STRINGS = YES;
				SWIFT_VERSION = 5.0;
				TARGETED_DEVICE_FAMILY = "1,2";
			};
			name = Debug;
		};
		BC58B49C2B0F5BF50073EFFF /* Release */ = {
			isa = XCBuildConfiguration;
			buildSettings = {
				ASSETCATALOG_COMPILER_APPICON_NAME = AppIcon;
				ASSETCATALOG_COMPILER_GLOBAL_ACCENT_COLOR_NAME = AccentColor;
				CODE_SIGN_STYLE = Automatic;
				CURRENT_PROJECT_VERSION = 1;
				DEVELOPMENT_ASSET_PATHS = "\"QRApp/Preview Content\"";
				DEVELOPMENT_TEAM = M54CWY29DZ;
				ENABLE_PREVIEWS = YES;
				GENERATE_INFOPLIST_FILE = YES;
				INFOPLIST_FILE = QRApp/Info.plist;
				INFOPLIST_KEY_NSCameraUsageDescription = "Can use your camera";
				INFOPLIST_KEY_NSLocationAlwaysAndWhenInUseUsageDescription = "Need your location to outhan";
				INFOPLIST_KEY_NSLocationAlwaysUsageDescription = "We need your location.";
				INFOPLIST_KEY_NSLocationWhenInUseUsageDescription = "We need your location.";
				INFOPLIST_KEY_UIApplicationSceneManifest_Generation = YES;
				INFOPLIST_KEY_UIApplicationSupportsIndirectInputEvents = YES;
				INFOPLIST_KEY_UILaunchScreen_Generation = YES;
				INFOPLIST_KEY_UIStatusBarStyle = "";
				INFOPLIST_KEY_UISupportedInterfaceOrientations = UIInterfaceOrientationPortrait;
				INFOPLIST_KEY_UIUserInterfaceStyle = Light;
				IPHONEOS_DEPLOYMENT_TARGET = 15.6;
				LD_RUNPATH_SEARCH_PATHS = (
					"$(inherited)",
					"@executable_path/Frameworks",
				);
				MARKETING_VERSION = 1.0;
				PRODUCT_BUNDLE_IDENTIFIER = com.cangirhabil.QRApp;
				PRODUCT_NAME = "$(TARGET_NAME)";
				SUPPORTED_PLATFORMS = "iphoneos iphonesimulator";
				SUPPORTS_MACCATALYST = NO;
				SUPPORTS_MAC_DESIGNED_FOR_IPHONE_IPAD = NO;
				SWIFT_EMIT_LOC_STRINGS = YES;
				SWIFT_VERSION = 5.0;
				TARGETED_DEVICE_FAMILY = "1,2";
			};
			name = Release;
		};
/* End XCBuildConfiguration section */

/* Begin XCConfigurationList section */
		BC58B4872B0F5BF00073EFFF /* Build configuration list for PBXProject "QRApp" */ = {
			isa = XCConfigurationList;
			buildConfigurations = (
				BC58B4982B0F5BF50073EFFF /* Debug */,
				BC58B4992B0F5BF50073EFFF /* Release */,
			);
			defaultConfigurationIsVisible = 0;
			defaultConfigurationName = Release;
		};
		BC58B49A2B0F5BF50073EFFF /* Build configuration list for PBXNativeTarget "QRApp" */ = {
			isa = XCConfigurationList;
			buildConfigurations = (
				BC58B49B2B0F5BF50073EFFF /* Debug */,
				BC58B49C2B0F5BF50073EFFF /* Release */,
			);
			defaultConfigurationIsVisible = 0;
			defaultConfigurationName = Release;
		};
/* End XCConfigurationList section */

/* Begin XCRemoteSwiftPackageReference section */
		BC58B49E2B0F608E0073EFFF /* XCRemoteSwiftPackageReference "CodeScanner" */ = {
			isa = XCRemoteSwiftPackageReference;
			repositoryURL = "https://github.com/twostraws/CodeScanner";
			requirement = {
				kind = upToNextMajorVersion;
				minimumVersion = 2.3.3;
			};
		};
/* End XCRemoteSwiftPackageReference section */

/* Begin XCSwiftPackageProductDependency section */
		BC58B49F2B0F608E0073EFFF /* CodeScanner */ = {
			isa = XCSwiftPackageProductDependency;
			package = BC58B49E2B0F608E0073EFFF /* XCRemoteSwiftPackageReference "CodeScanner" */;
			productName = CodeScanner;
		};
/* End XCSwiftPackageProductDependency section */

/* Begin XCVersionGroup section */
		8468A1BE2B0F87010035CE4F /* QRApp.xcdatamodeld */ = {
			isa = XCVersionGroup;
			children = (
				8468A1BF2B0F87010035CE4F /* QRApp.xcdatamodel */,
			);
			currentVersion = 8468A1BF2B0F87010035CE4F /* QRApp.xcdatamodel */;
			path = QRApp.xcdatamodeld;
			sourceTree = SOURCE_ROOT;
			versionGroupType = wrapper.xcdatamodel;
		};
/* End XCVersionGroup section */
	};
	rootObject = BC58B4842B0F5BF00073EFFF /* Project object */;
}
